
Microsoft Visual Studio Solution File, Format Version 12.00
# Visual Studio Version 17
VisualStudioVersion = 17.9.34723.18
MinimumVisualStudioVersion = 10.0.40219.1
Project("{9A19103F-16F7-4668-BE54-9A1E7A4F7556}") = "ASP", "ASP\ASP.csproj", "{CD96D3E1-1AFD-438E-BF8E-160B7E240A4F}"
EndProject
Global
	GlobalSection(SolutionConfigurationPlatforms) = preSolution
		Debug|Any CPU = Debug|Any CPU
		Release|Any CPU = Release|Any CPU
	EndGlobalSection
	GlobalSection(ProjectConfigurationPlatforms) = postSolution
		{CD96D3E1-1AFD-438E-BF8E-160B7E240A4F}.Debug|Any CPU.ActiveCfg = Debug|Any CPU
		{CD96D3E1-1AFD-438E-BF8E-160B7E240A4F}.Debug|Any CPU.Build.0 = Debug|Any CPU
		{CD96D3E1-1AFD-438E-BF8E-160B7E240A4F}.Release|Any CPU.ActiveCfg = Release|Any CPU
		{CD96D3E1-1AFD-438E-BF8E-160B7E240A4F}.Release|Any CPU.Build.0 = Release|Any CPU
	EndGlobalSection
	GlobalSection(SolutionProperties) = preSolution
		HideSolutionNode = FALSE
	EndGlobalSection
	GlobalSection(ExtensibilityGlobals) = postSolution
		SolutionGuid = {9347571D-0338-49AE-ACA5-76E4E9DDEA27}
	EndGlobalSection
EndGlobal
